
Microsoft Visual Studio Solution File, Format Version 12.00
# Visual Studio Version 17
VisualStudioVersion = 17.0.31903.59
MinimumVisualStudioVersion = 10.0.40219.1
Project("{FAE04EC0-301F-11D3-BF4B-00C04F79EFBC}") = "RabbitReceiver", "RabbitReceiver\RabbitReceiver.csproj", "{BA3F394A-A857-441E-B604-E4852FFB97FE}"
EndProject
Project("{FAE04EC0-301F-11D3-BF4B-00C04F79EFBC}") = "RabbitSender", "RabbitSender\RabbitSender.csproj", "{E36F74D1-A3F9-4666-8C59-B5E726C39FFF}"
EndProject
Project("{FAE04EC0-301F-11D3-BF4B-00C04F79EFBC}") = "RabbitReceiver2", "RabbitReceiver2\RabbitReceiver2.csproj", "{23B05E2A-89BB-42BD-B2CE-036CC00219E8}"
EndProject
Global
	GlobalSection(SolutionConfigurationPlatforms) = preSolution
		Debug|Any CPU = Debug|Any CPU
		Release|Any CPU = Release|Any CPU
	EndGlobalSection
	GlobalSection(SolutionProperties) = preSolution
		HideSolutionNode = FALSE
	EndGlobalSection
	GlobalSection(ProjectConfigurationPlatforms) = postSolution
		{BA3F394A-A857-441E-B604-E4852FFB97FE}.Debug|Any CPU.ActiveCfg = Debug|Any CPU
		{BA3F394A-A857-441E-B604-E4852FFB97FE}.Debug|Any CPU.Build.0 = Debug|Any CPU
		{BA3F394A-A857-441E-B604-E4852FFB97FE}.Release|Any CPU.ActiveCfg = Release|Any CPU
		{BA3F394A-A857-441E-B604-E4852FFB97FE}.Release|Any CPU.Build.0 = Release|Any CPU
		{E36F74D1-A3F9-4666-8C59-B5E726C39FFF}.Debug|Any CPU.ActiveCfg = Debug|Any CPU
		{E36F74D1-A3F9-4666-8C59-B5E726C39FFF}.Debug|Any CPU.Build.0 = Debug|Any CPU
		{E36F74D1-A3F9-4666-8C59-B5E726C39FFF}.Release|Any CPU.ActiveCfg = Release|Any CPU
		{E36F74D1-A3F9-4666-8C59-B5E726C39FFF}.Release|Any CPU.Build.0 = Release|Any CPU
		{23B05E2A-89BB-42BD-B2CE-036CC00219E8}.Debug|Any CPU.ActiveCfg = Debug|Any CPU
		{23B05E2A-89BB-42BD-B2CE-036CC00219E8}.Debug|Any CPU.Build.0 = Debug|Any CPU
		{23B05E2A-89BB-42BD-B2CE-036CC00219E8}.Release|Any CPU.ActiveCfg = Release|Any CPU
		{23B05E2A-89BB-42BD-B2CE-036CC00219E8}.Release|Any CPU.Build.0 = Release|Any CPU
	EndGlobalSection
EndGlobal
